
Microsoft Visual Studio Solution File, Format Version 12.00
Project("{FAE04EC0-301F-11D3-BF4B-00C04F79EFBC}") = "AdventOfCode", "AdventOfCode\AdventOfCode.csproj", "{59E8650D-8762-417F-9BCA-833E03BEE58C}"
EndProject
Global
	GlobalSection(SolutionConfigurationPlatforms) = preSolution
		Debug|Any CPU = Debug|Any CPU
		Release|Any CPU = Release|Any CPU
	EndGlobalSection
	GlobalSection(ProjectConfigurationPlatforms) = postSolution
		{59E8650D-8762-417F-9BCA-833E03BEE58C}.Debug|Any CPU.ActiveCfg = Debug|Any CPU
		{59E8650D-8762-417F-9BCA-833E03BEE58C}.Debug|Any CPU.Build.0 = Debug|Any CPU
		{59E8650D-8762-417F-9BCA-833E03BEE58C}.Release|Any CPU.ActiveCfg = Release|Any CPU
		{59E8650D-8762-417F-9BCA-833E03BEE58C}.Release|Any CPU.Build.0 = Release|Any CPU
	EndGlobalSection
EndGlobal
